// !$*UTF8*$!
{
	archiveVersion = 1;
	classes = {
	};
	objectVersion = 56;
	objects = {

/* Begin PBXBuildFile section */
		AFD370DF2C1D5D6300F26E3D /* AirbnbCloneApp.swift in Sources */ = {isa = PBXBuildFile; fileRef = AFD370DE2C1D5D6300F26E3D /* AirbnbCloneApp.swift */; };
		AFD370E12C1D5D6300F26E3D /* ContentView.swift in Sources */ = {isa = PBXBuildFile; fileRef = AFD370E02C1D5D6300F26E3D /* ContentView.swift */; };
		AFD370E32C1D5D6500F26E3D /* Assets.xcassets in Resources */ = {isa = PBXBuildFile; fileRef = AFD370E22C1D5D6500F26E3D /* Assets.xcassets */; };
		AFD370E62C1D5D6500F26E3D /* Preview Assets.xcassets in Resources */ = {isa = PBXBuildFile; fileRef = AFD370E52C1D5D6500F26E3D /* Preview Assets.xcassets */; };
		AFD370F92C1D5F6400F26E3D /* ExploreView.swift in Sources */ = {isa = PBXBuildFile; fileRef = AFD370F82C1D5F6400F26E3D /* ExploreView.swift */; };
		AFD370FB2C1D602B00F26E3D /* ListingItemView.swift in Sources */ = {isa = PBXBuildFile; fileRef = AFD370FA2C1D602B00F26E3D /* ListingItemView.swift */; };
		AFD370FD2C1D64BB00F26E3D /* SearchAndFilterBar.swift in Sources */ = {isa = PBXBuildFile; fileRef = AFD370FC2C1D64BB00F26E3D /* SearchAndFilterBar.swift */; };
		AFD370FF2C1D67D400F26E3D /* ListingDetailView.swift in Sources */ = {isa = PBXBuildFile; fileRef = AFD370FE2C1D67D400F26E3D /* ListingDetailView.swift */; };
		AFD371022C1D686900F26E3D /* ListingImageCarouselView.swift in Sources */ = {isa = PBXBuildFile; fileRef = AFD371012C1D686900F26E3D /* ListingImageCarouselView.swift */; };
		AFD371042C1DE90600F26E3D /* DestinationSearchView.swift in Sources */ = {isa = PBXBuildFile; fileRef = AFD371032C1DE90600F26E3D /* DestinationSearchView.swift */; };
		AFD371062C1F307C00F26E3D /* ProfileView.swift in Sources */ = {isa = PBXBuildFile; fileRef = AFD371052C1F307C00F26E3D /* ProfileView.swift */; };
		AFD371082C1F31C400F26E3D /* ProfileOptionRowView.swift in Sources */ = {isa = PBXBuildFile; fileRef = AFD371072C1F31C400F26E3D /* ProfileOptionRowView.swift */; };
		AFD3710A2C1F32DD00F26E3D /* WishlistView.swift in Sources */ = {isa = PBXBuildFile; fileRef = AFD371092C1F32DD00F26E3D /* WishlistView.swift */; };
		AFD3710C2C1F33F700F26E3D /* MainTabView.swift in Sources */ = {isa = PBXBuildFile; fileRef = AFD3710B2C1F33F700F26E3D /* MainTabView.swift */; };
/* End PBXBuildFile section */

/* Begin PBXFileReference section */
		AFD370DB2C1D5D6300F26E3D /* AirbnbClone.app */ = {isa = PBXFileReference; explicitFileType = wrapper.application; includeInIndex = 0; path = AirbnbClone.app; sourceTree = BUILT_PRODUCTS_DIR; };
		AFD370DE2C1D5D6300F26E3D /* AirbnbCloneApp.swift */ = {isa = PBXFileReference; lastKnownFileType = sourcecode.swift; path = AirbnbCloneApp.swift; sourceTree = "<group>"; };
		AFD370E02C1D5D6300F26E3D /* ContentView.swift */ = {isa = PBXFileReference; lastKnownFileType = sourcecode.swift; path = ContentView.swift; sourceTree = "<group>"; };
		AFD370E22C1D5D6500F26E3D /* Assets.xcassets */ = {isa = PBXFileReference; lastKnownFileType = folder.assetcatalog; path = Assets.xcassets; sourceTree = "<group>"; };
		AFD370E52C1D5D6500F26E3D /* Preview Assets.xcassets */ = {isa = PBXFileReference; lastKnownFileType = folder.assetcatalog; path = "Preview Assets.xcassets"; sourceTree = "<group>"; };
		AFD370F82C1D5F6400F26E3D /* ExploreView.swift */ = {isa = PBXFileReference; lastKnownFileType = sourcecode.swift; path = ExploreView.swift; sourceTree = "<group>"; };
		AFD370FA2C1D602B00F26E3D /* ListingItemView.swift */ = {isa = PBXFileReference; lastKnownFileType = sourcecode.swift; path = ListingItemView.swift; sourceTree = "<group>"; };
		AFD370FC2C1D64BB00F26E3D /* SearchAndFilterBar.swift */ = {isa = PBXFileReference; lastKnownFileType = sourcecode.swift; path = SearchAndFilterBar.swift; sourceTree = "<group>"; };
		AFD370FE2C1D67D400F26E3D /* ListingDetailView.swift */ = {isa = PBXFileReference; lastKnownFileType = sourcecode.swift; path = ListingDetailView.swift; sourceTree = "<group>"; };
		AFD371012C1D686900F26E3D /* ListingImageCarouselView.swift */ = {isa = PBXFileReference; lastKnownFileType = sourcecode.swift; path = ListingImageCarouselView.swift; sourceTree = "<group>"; };
		AFD371032C1DE90600F26E3D /* DestinationSearchView.swift */ = {isa = PBXFileReference; lastKnownFileType = sourcecode.swift; path = DestinationSearchView.swift; sourceTree = "<group>"; };
		AFD371052C1F307C00F26E3D /* ProfileView.swift */ = {isa = PBXFileReference; lastKnownFileType = sourcecode.swift; path = ProfileView.swift; sourceTree = "<group>"; };
		AFD371072C1F31C400F26E3D /* ProfileOptionRowView.swift */ = {isa = PBXFileReference; lastKnownFileType = sourcecode.swift; path = ProfileOptionRowView.swift; sourceTree = "<group>"; };
		AFD371092C1F32DD00F26E3D /* WishlistView.swift */ = {isa = PBXFileReference; lastKnownFileType = sourcecode.swift; path = WishlistView.swift; sourceTree = "<group>"; };
		AFD3710B2C1F33F700F26E3D /* MainTabView.swift */ = {isa = PBXFileReference; lastKnownFileType = sourcecode.swift; path = MainTabView.swift; sourceTree = "<group>"; };
/* End PBXFileReference section */

/* Begin PBXFrameworksBuildPhase section */
		AFD370D82C1D5D6300F26E3D /* Frameworks */ = {
			isa = PBXFrameworksBuildPhase;
			buildActionMask = 2147483647;
			files = (
			);
			runOnlyForDeploymentPostprocessing = 0;
		};
/* End PBXFrameworksBuildPhase section */

/* Begin PBXGroup section */
		AFD370D22C1D5D6300F26E3D = {
			isa = PBXGroup;
			children = (
				AFD370DD2C1D5D6300F26E3D /* AirbnbClone */,
				AFD370DC2C1D5D6300F26E3D /* Products */,
			);
			sourceTree = "<group>";
		};
		AFD370DC2C1D5D6300F26E3D /* Products */ = {
			isa = PBXGroup;
			children = (
				AFD370DB2C1D5D6300F26E3D /* AirbnbClone.app */,
			);
			name = Products;
			sourceTree = "<group>";
		};
		AFD370DD2C1D5D6300F26E3D /* AirbnbClone */ = {
			isa = PBXGroup;
			children = (
				AFD370EC2C1D5E6F00F26E3D /* App */,
				AFD370ED2C1D5E7300F26E3D /* Core */,
				AFD370EE2C1D5E7700F26E3D /* Extensions */,
				AFD370EF2C1D5E7D00F26E3D /* Models */,
				AFD370F02C1D5E8500F26E3D /* Utils */,
				AFD370E02C1D5D6300F26E3D /* ContentView.swift */,
				AFD370E22C1D5D6500F26E3D /* Assets.xcassets */,
				AFD370E42C1D5D6500F26E3D /* Preview Content */,
			);
			path = AirbnbClone;
			sourceTree = "<group>";
		};
		AFD370E42C1D5D6500F26E3D /* Preview Content */ = {
			isa = PBXGroup;
			children = (
				AFD370E52C1D5D6500F26E3D /* Preview Assets.xcassets */,
			);
			path = "Preview Content";
			sourceTree = "<group>";
		};
		AFD370EC2C1D5E6F00F26E3D /* App */ = {
			isa = PBXGroup;
			children = (
				AFD370DE2C1D5D6300F26E3D /* AirbnbCloneApp.swift */,
			);
			path = App;
			sourceTree = "<group>";
		};
		AFD370ED2C1D5E7300F26E3D /* Core */ = {
			isa = PBXGroup;
			children = (
				AFD371002C1D685400F26E3D /* Components */,
				AFD370F12C1D5EB500F26E3D /* Explore */,
				AFD370F22C1D5EBB00F26E3D /* Listing */,
				AFD370F32C1D5EC000F26E3D /* MapView */,
				AFD370F42C1D5ED700F26E3D /* Profile */,
				AFD370F52C1D5EDC00F26E3D /* Root */,
				AFD370F62C1D5EE400F26E3D /* TabBar */,
				AFD370F72C1D5EE900F26E3D /* Wishlist */,
			);
			path = Core;
			sourceTree = "<group>";
		};
		AFD370EE2C1D5E7700F26E3D /* Extensions */ = {
			isa = PBXGroup;
			children = (
			);
			path = Extensions;
			sourceTree = "<group>";
		};
		AFD370EF2C1D5E7D00F26E3D /* Models */ = {
			isa = PBXGroup;
			children = (
			);
			path = Models;
			sourceTree = "<group>";
		};
		AFD370F02C1D5E8500F26E3D /* Utils */ = {
			isa = PBXGroup;
			children = (
			);
			path = Utils;
			sourceTree = "<group>";
		};
		AFD370F12C1D5EB500F26E3D /* Explore */ = {
			isa = PBXGroup;
			children = (
				AFD370F82C1D5F6400F26E3D /* ExploreView.swift */,
				AFD370FC2C1D64BB00F26E3D /* SearchAndFilterBar.swift */,
				AFD371032C1DE90600F26E3D /* DestinationSearchView.swift */,
			);
			path = Explore;
			sourceTree = "<group>";
		};
		AFD370F22C1D5EBB00F26E3D /* Listing */ = {
			isa = PBXGroup;
			children = (
				AFD370FA2C1D602B00F26E3D /* ListingItemView.swift */,
				AFD370FE2C1D67D400F26E3D /* ListingDetailView.swift */,
			);
			path = Listing;
			sourceTree = "<group>";
		};
		AFD370F32C1D5EC000F26E3D /* MapView */ = {
			isa = PBXGroup;
			children = (
			);
			path = MapView;
			sourceTree = "<group>";
		};
		AFD370F42C1D5ED700F26E3D /* Profile */ = {
			isa = PBXGroup;
			children = (
				AFD371052C1F307C00F26E3D /* ProfileView.swift */,
				AFD371072C1F31C400F26E3D /* ProfileOptionRowView.swift */,
			);
			path = Profile;
			sourceTree = "<group>";
		};
		AFD370F52C1D5EDC00F26E3D /* Root */ = {
			isa = PBXGroup;
			children = (
			);
			path = Root;
			sourceTree = "<group>";
		};
		AFD370F62C1D5EE400F26E3D /* TabBar */ = {
			isa = PBXGroup;
			children = (
				AFD3710B2C1F33F700F26E3D /* MainTabView.swift */,
			);
			path = TabBar;
			sourceTree = "<group>";
		};
		AFD370F72C1D5EE900F26E3D /* Wishlist */ = {
			isa = PBXGroup;
			children = (
				AFD371092C1F32DD00F26E3D /* WishlistView.swift */,
			);
			path = Wishlist;
			sourceTree = "<group>";
		};
		AFD371002C1D685400F26E3D /* Components */ = {
			isa = PBXGroup;
			children = (
				AFD371012C1D686900F26E3D /* ListingImageCarouselView.swift */,
			);
			path = Components;
			sourceTree = "<group>";
		};
/* End PBXGroup section */

/* Begin PBXNativeTarget section */
		AFD370DA2C1D5D6300F26E3D /* AirbnbClone */ = {
			isa = PBXNativeTarget;
			buildConfigurationList = AFD370E92C1D5D6500F26E3D /* Build configuration list for PBXNativeTarget "AirbnbClone" */;
			buildPhases = (
				AFD370D72C1D5D6300F26E3D /* Sources */,
				AFD370D82C1D5D6300F26E3D /* Frameworks */,
				AFD370D92C1D5D6300F26E3D /* Resources */,
			);
			buildRules = (
			);
			dependencies = (
			);
			name = AirbnbClone;
			productName = AirbnbClone;
			productReference = AFD370DB2C1D5D6300F26E3D /* AirbnbClone.app */;
			productType = "com.apple.product-type.application";
		};
/* End PBXNativeTarget section */

/* Begin PBXProject section */
		AFD370D32C1D5D6300F26E3D /* Project object */ = {
			isa = PBXProject;
			attributes = {
				BuildIndependentTargetsInParallel = 1;
				LastSwiftUpdateCheck = 1540;
				LastUpgradeCheck = 1540;
				TargetAttributes = {
					AFD370DA2C1D5D6300F26E3D = {
						CreatedOnToolsVersion = 15.4;
					};
				};
			};
			buildConfigurationList = AFD370D62C1D5D6300F26E3D /* Build configuration list for PBXProject "AirbnbClone" */;
			compatibilityVersion = "Xcode 14.0";
			developmentRegion = en;
			hasScannedForEncodings = 0;
			knownRegions = (
				en,
				Base,
			);
			mainGroup = AFD370D22C1D5D6300F26E3D;
			productRefGroup = AFD370DC2C1D5D6300F26E3D /* Products */;
			projectDirPath = "";
			projectRoot = "";
			targets = (
				AFD370DA2C1D5D6300F26E3D /* AirbnbClone */,
			);
		};
/* End PBXProject section */

/* Begin PBXResourcesBuildPhase section */
		AFD370D92C1D5D6300F26E3D /* Resources */ = {
			isa = PBXResourcesBuildPhase;
			buildActionMask = 2147483647;
			files = (
				AFD370E62C1D5D6500F26E3D /* Preview Assets.xcassets in Resources */,
				AFD370E32C1D5D6500F26E3D /* Assets.xcassets in Resources */,
			);
			runOnlyForDeploymentPostprocessing = 0;
		};
/* End PBXResourcesBuildPhase section */

/* Begin PBXSourcesBuildPhase section */
		AFD370D72C1D5D6300F26E3D /* Sources */ = {
			isa = PBXSourcesBuildPhase;
			buildActionMask = 2147483647;
			files = (
				AFD371022C1D686900F26E3D /* ListingImageCarouselView.swift in Sources */,
				AFD371062C1F307C00F26E3D /* ProfileView.swift in Sources */,
				AFD371082C1F31C400F26E3D /* ProfileOptionRowView.swift in Sources */,
				AFD371042C1DE90600F26E3D /* DestinationSearchView.swift in Sources */,
				AFD370E12C1D5D6300F26E3D /* ContentView.swift in Sources */,
				AFD370FB2C1D602B00F26E3D /* ListingItemView.swift in Sources */,
				AFD370F92C1D5F6400F26E3D /* ExploreView.swift in Sources */,
				AFD3710A2C1F32DD00F26E3D /* WishlistView.swift in Sources */,
				AFD370FD2C1D64BB00F26E3D /* SearchAndFilterBar.swift in Sources */,
				AFD370FF2C1D67D400F26E3D /* ListingDetailView.swift in Sources */,
				AFD370DF2C1D5D6300F26E3D /* AirbnbCloneApp.swift in Sources */,
				AFD3710C2C1F33F700F26E3D /* MainTabView.swift in Sources */,
			);
			runOnlyForDeploymentPostprocessing = 0;
		};
/* End PBXSourcesBuildPhase section */

/* Begin XCBuildConfiguration section */
		AFD370E72C1D5D6500F26E3D /* Debug */ = {
			isa = XCBuildConfiguration;
			buildSettings = {
				ALWAYS_SEARCH_USER_PATHS = NO;
				ASSETCATALOG_COMPILER_GENERATE_SWIFT_ASSET_SYMBOL_EXTENSIONS = YES;
				CLANG_ANALYZER_NONNULL = YES;
				CLANG_ANALYZER_NUMBER_OBJECT_CONVERSION = YES_AGGRESSIVE;
				CLANG_CXX_LANGUAGE_STANDARD = "gnu++20";
				CLANG_ENABLE_MODULES = YES;
				CLANG_ENABLE_OBJC_ARC = YES;
				CLANG_ENABLE_OBJC_WEAK = YES;
				CLANG_WARN_BLOCK_CAPTURE_AUTORELEASING = YES;
				CLANG_WARN_BOOL_CONVERSION = YES;
				CLANG_WARN_COMMA = YES;
				CLANG_WARN_CONSTANT_CONVERSION = YES;
				CLANG_WARN_DEPRECATED_OBJC_IMPLEMENTATIONS = YES;
				CLANG_WARN_DIRECT_OBJC_ISA_USAGE = YES_ERROR;
				CLANG_WARN_DOCUMENTATION_COMMENTS = YES;
				CLANG_WARN_EMPTY_BODY = YES;
				CLANG_WARN_ENUM_CONVERSION = YES;
				CLANG_WARN_INFINITE_RECURSION = YES;
				CLANG_WARN_INT_CONVERSION = YES;
				CLANG_WARN_NON_LITERAL_NULL_CONVERSION = YES;
				CLANG_WARN_OBJC_IMPLICIT_RETAIN_SELF = YES;
				CLANG_WARN_OBJC_LITERAL_CONVERSION = YES;
				CLANG_WARN_OBJC_ROOT_CLASS = YES_ERROR;
				CLANG_WARN_QUOTED_INCLUDE_IN_FRAMEWORK_HEADER = YES;
				CLANG_WARN_RANGE_LOOP_ANALYSIS = YES;
				CLANG_WARN_STRICT_PROTOTYPES = YES;
				CLANG_WARN_SUSPICIOUS_MOVE = YES;
				CLANG_WARN_UNGUARDED_AVAILABILITY = YES_AGGRESSIVE;
				CLANG_WARN_UNREACHABLE_CODE = YES;
				CLANG_WARN__DUPLICATE_METHOD_MATCH = YES;
				COPY_PHASE_STRIP = NO;
				DEBUG_INFORMATION_FORMAT = dwarf;
				ENABLE_STRICT_OBJC_MSGSEND = YES;
				ENABLE_TESTABILITY = YES;
				ENABLE_USER_SCRIPT_SANDBOXING = YES;
				GCC_C_LANGUAGE_STANDARD = gnu17;
				GCC_DYNAMIC_NO_PIC = NO;
				GCC_NO_COMMON_BLOCKS = YES;
				GCC_OPTIMIZATION_LEVEL = 0;
				GCC_PREPROCESSOR_DEFINITIONS = (
					"DEBUG=1",
					"$(inherited)",
				);
				GCC_WARN_64_TO_32_BIT_CONVERSION = YES;
				GCC_WARN_ABOUT_RETURN_TYPE = YES_ERROR;
				GCC_WARN_UNDECLARED_SELECTOR = YES;
				GCC_WARN_UNINITIALIZED_AUTOS = YES_AGGRESSIVE;
				GCC_WARN_UNUSED_FUNCTION = YES;
				GCC_WARN_UNUSED_VARIABLE = YES;
				IPHONEOS_DEPLOYMENT_TARGET = 17.5;
				LOCALIZATION_PREFERS_STRING_CATALOGS = YES;
				MTL_ENABLE_DEBUG_INFO = INCLUDE_SOURCE;
				MTL_FAST_MATH = YES;
				ONLY_ACTIVE_ARCH = YES;
				SDKROOT = iphoneos;
				SWIFT_ACTIVE_COMPILATION_CONDITIONS = "DEBUG $(inherited)";
				SWIFT_OPTIMIZATION_LEVEL = "-Onone";
			};
			name = Debug;
		};
		AFD370E82C1D5D6500F26E3D /* Release */ = {
			isa = XCBuildConfiguration;
			buildSettings = {
				ALWAYS_SEARCH_USER_PATHS = NO;
				ASSETCATALOG_COMPILER_GENERATE_SWIFT_ASSET_SYMBOL_EXTENSIONS = YES;
				CLANG_ANALYZER_NONNULL = YES;
				CLANG_ANALYZER_NUMBER_OBJECT_CONVERSION = YES_AGGRESSIVE;
				CLANG_CXX_LANGUAGE_STANDARD = "gnu++20";
				CLANG_ENABLE_MODULES = YES;
				CLANG_ENABLE_OBJC_ARC = YES;
				CLANG_ENABLE_OBJC_WEAK = YES;
				CLANG_WARN_BLOCK_CAPTURE_AUTORELEASING = YES;
				CLANG_WARN_BOOL_CONVERSION = YES;
				CLANG_WARN_COMMA = YES;
				CLANG_WARN_CONSTANT_CONVERSION = YES;
				CLANG_WARN_DEPRECATED_OBJC_IMPLEMENTATIONS = YES;
				CLANG_WARN_DIRECT_OBJC_ISA_USAGE = YES_ERROR;
				CLANG_WARN_DOCUMENTATION_COMMENTS = YES;
				CLANG_WARN_EMPTY_BODY = YES;
				CLANG_WARN_ENUM_CONVERSION = YES;
				CLANG_WARN_INFINITE_RECURSION = YES;
				CLANG_WARN_INT_CONVERSION = YES;
				CLANG_WARN_NON_LITERAL_NULL_CONVERSION = YES;
				CLANG_WARN_OBJC_IMPLICIT_RETAIN_SELF = YES;
				CLANG_WARN_OBJC_LITERAL_CONVERSION = YES;
				CLANG_WARN_OBJC_ROOT_CLASS = YES_ERROR;
				CLANG_WARN_QUOTED_INCLUDE_IN_FRAMEWORK_HEADER = YES;
				CLANG_WARN_RANGE_LOOP_ANALYSIS = YES;
				CLANG_WARN_STRICT_PROTOTYPES = YES;
				CLANG_WARN_SUSPICIOUS_MOVE = YES;
				CLANG_WARN_UNGUARDED_AVAILABILITY = YES_AGGRESSIVE;
				CLANG_WARN_UNREACHABLE_CODE = YES;
				CLANG_WARN__DUPLICATE_METHOD_MATCH = YES;
				COPY_PHASE_STRIP = NO;
				DEBUG_INFORMATION_FORMAT = "dwarf-with-dsym";
				ENABLE_NS_ASSERTIONS = NO;
				ENABLE_STRICT_OBJC_MSGSEND = YES;
				ENABLE_USER_SCRIPT_SANDBOXING = YES;
				GCC_C_LANGUAGE_STANDARD = gnu17;
				GCC_NO_COMMON_BLOCKS = YES;
				GCC_WARN_64_TO_32_BIT_CONVERSION = YES;
				GCC_WARN_ABOUT_RETURN_TYPE = YES_ERROR;
				GCC_WARN_UNDECLARED_SELECTOR = YES;
				GCC_WARN_UNINITIALIZED_AUTOS = YES_AGGRESSIVE;
				GCC_WARN_UNUSED_FUNCTION = YES;
				GCC_WARN_UNUSED_VARIABLE = YES;
				IPHONEOS_DEPLOYMENT_TARGET = 17.5;
				LOCALIZATION_PREFERS_STRING_CATALOGS = YES;
				MTL_ENABLE_DEBUG_INFO = NO;
				MTL_FAST_MATH = YES;
				SDKROOT = iphoneos;
				SWIFT_COMPILATION_MODE = wholemodule;
				VALIDATE_PRODUCT = YES;
			};
			name = Release;
		};
		AFD370EA2C1D5D6500F26E3D /* Debug */ = {
			isa = XCBuildConfiguration;
			buildSettings = {
				ASSETCATALOG_COMPILER_APPICON_NAME = AppIcon;
				ASSETCATALOG_COMPILER_GLOBAL_ACCENT_COLOR_NAME = AccentColor;
				CODE_SIGN_STYLE = Automatic;
				CURRENT_PROJECT_VERSION = 1;
				DEVELOPMENT_ASSET_PATHS = "\"AirbnbClone/Preview Content\"";
				DEVELOPMENT_TEAM = 6736LJQ283;
				ENABLE_PREVIEWS = YES;
				GENERATE_INFOPLIST_FILE = YES;
				INFOPLIST_KEY_UIApplicationSceneManifest_Generation = YES;
				INFOPLIST_KEY_UIApplicationSupportsIndirectInputEvents = YES;
				INFOPLIST_KEY_UILaunchScreen_Generation = YES;
				INFOPLIST_KEY_UISupportedInterfaceOrientations_iPad = "UIInterfaceOrientationPortrait UIInterfaceOrientationPortraitUpsideDown UIInterfaceOrientationLandscapeLeft UIInterfaceOrientationLandscapeRight";
				INFOPLIST_KEY_UISupportedInterfaceOrientations_iPhone = "UIInterfaceOrientationPortrait UIInterfaceOrientationLandscapeLeft UIInterfaceOrientationLandscapeRight";
				LD_RUNPATH_SEARCH_PATHS = (
					"$(inherited)",
					"@executable_path/Frameworks",
				);
				MARKETING_VERSION = 1.0;
				PRODUCT_BUNDLE_IDENTIFIER = org.1a06e366a2d91fdb.AirbnbClone;
				PRODUCT_NAME = "$(TARGET_NAME)";
				SWIFT_EMIT_LOC_STRINGS = YES;
				SWIFT_VERSION = 5.0;
				TARGETED_DEVICE_FAMILY = "1,2";
			};
			name = Debug;
		};
		AFD370EB2C1D5D6500F26E3D /* Release */ = {
			isa = XCBuildConfiguration;
			buildSettings = {
				ASSETCATALOG_COMPILER_APPICON_NAME = AppIcon;
				ASSETCATALOG_COMPILER_GLOBAL_ACCENT_COLOR_NAME = AccentColor;
				CODE_SIGN_STYLE = Automatic;
				CURRENT_PROJECT_VERSION = 1;
				DEVELOPMENT_ASSET_PATHS = "\"AirbnbClone/Preview Content\"";
				DEVELOPMENT_TEAM = 6736LJQ283;
				ENABLE_PREVIEWS = YES;
				GENERATE_INFOPLIST_FILE = YES;
				INFOPLIST_KEY_UIApplicationSceneManifest_Generation = YES;
				INFOPLIST_KEY_UIApplicationSupportsIndirectInputEvents = YES;
				INFOPLIST_KEY_UILaunchScreen_Generation = YES;
				INFOPLIST_KEY_UISupportedInterfaceOrientations_iPad = "UIInterfaceOrientationPortrait UIInterfaceOrientationPortraitUpsideDown UIInterfaceOrientationLandscapeLeft UIInterfaceOrientationLandscapeRight";
				INFOPLIST_KEY_UISupportedInterfaceOrientations_iPhone = "UIInterfaceOrientationPortrait UIInterfaceOrientationLandscapeLeft UIInterfaceOrientationLandscapeRight";
				LD_RUNPATH_SEARCH_PATHS = (
					"$(inherited)",
					"@executable_path/Frameworks",
				);
				MARKETING_VERSION = 1.0;
				PRODUCT_BUNDLE_IDENTIFIER = org.1a06e366a2d91fdb.AirbnbClone;
				PRODUCT_NAME = "$(TARGET_NAME)";
				SWIFT_EMIT_LOC_STRINGS = YES;
				SWIFT_VERSION = 5.0;
				TARGETED_DEVICE_FAMILY = "1,2";
			};
			name = Release;
		};
/* End XCBuildConfiguration section */

/* Begin XCConfigurationList section */
		AFD370D62C1D5D6300F26E3D /* Build configuration list for PBXProject "AirbnbClone" */ = {
			isa = XCConfigurationList;
			buildConfigurations = (
				AFD370E72C1D5D6500F26E3D /* Debug */,
				AFD370E82C1D5D6500F26E3D /* Release */,
			);
			defaultConfigurationIsVisible = 0;
			defaultConfigurationName = Release;
		};
		AFD370E92C1D5D6500F26E3D /* Build configuration list for PBXNativeTarget "AirbnbClone" */ = {
			isa = XCConfigurationList;
			buildConfigurations = (
				AFD370EA2C1D5D6500F26E3D /* Debug */,
				AFD370EB2C1D5D6500F26E3D /* Release */,
			);
			defaultConfigurationIsVisible = 0;
			defaultConfigurationName = Release;
		};
/* End XCConfigurationList section */
	};
	rootObject = AFD370D32C1D5D6300F26E3D /* Project object */;
}
